PODS:
  - Bolts/Tasks (1.7.0)
  - FastCoding (3.2.1)
  - JSSAlertView (1.1.4)
  - Metawear-iOSAPI (2.4.0):
    - Bolts/Tasks (~> 1.7)
    - FastCoding (~> 3.2.1)
  - PNChart (0.8.8):
    - UICountingLabel (~> 1.2.0)
  - UICountingLabel (1.2.0)

DEPENDENCIES:
  - JSSAlertView
  - Metawear-iOSAPI
  - PNChart

SPEC CHECKSUMS:
  Bolts: a0058fa3b331c5a1e4402d534f2dae36dbff31e4
  FastCoding: ed46c83ba23d048aafa0251972a1e1fc1cfc58ed
  JSSAlertView: f42fc4be811925cef72ea808746df5a6c27eb356
  Metawear-iOSAPI: 33455c46f2acd0f3140a232d94e92597c5dd28b4
  PNChart: 25f91e9c4688af49c3647489760624d037f5383f
  UICountingLabel: 1db4e7d023e1762171eb226d6dff47a7a84f27aa

PODFILE CHECKSUM: f77c6660c2e0fe5ec233e435e0221d59bc761d74

COCOAPODS: 1.0.0
